
Microsoft Visual Studio Solution File, Format Version 12.00
# Visual Studio Version 17
VisualStudioVersion = 17.8.34408.163
MinimumVisualStudioVersion = 10.0.40219.1
Project("{FAE04EC0-301F-11D3-BF4B-00C04F79EFBC}") = "NorthstarBlazor", "NorthstarBlazor\NorthstarBlazor\NorthstarBlazor.csproj", "{CBCE6473-6154-401C-A9C5-7CE87F3041D9}"
EndProject
Project("{FAE04EC0-301F-11D3-BF4B-00C04F79EFBC}") = "NorthstarBlazor.Client", "NorthstarBlazor\NorthstarBlazor.Client\NorthstarBlazor.Client.csproj", "{526A4BEA-617D-4102-AF26-2E9123AA8D85}"
EndProject
Project("{9A19103F-16F7-4668-BE54-9A1E7A4F7556}") = "Shares", "NorthstarBlazor\Shares\Shares.csproj", "{98CC4B54-2298-4A83-9DFD-E388C32DBE1B}"
EndProject
Global
	GlobalSection(SolutionConfigurationPlatforms) = preSolution
		Debug|Any CPU = Debug|Any CPU
		Release|Any CPU = Release|Any CPU
	EndGlobalSection
	GlobalSection(ProjectConfigurationPlatforms) = postSolution
		{CBCE6473-6154-401C-A9C5-7CE87F3041D9}.Debug|Any CPU.ActiveCfg = Debug|Any CPU
		{CBCE6473-6154-401C-A9C5-7CE87F3041D9}.Debug|Any CPU.Build.0 = Debug|Any CPU
		{CBCE6473-6154-401C-A9C5-7CE87F3041D9}.Release|Any CPU.ActiveCfg = Release|Any CPU
		{CBCE6473-6154-401C-A9C5-7CE87F3041D9}.Release|Any CPU.Build.0 = Release|Any CPU
		{526A4BEA-617D-4102-AF26-2E9123AA8D85}.Debug|Any CPU.ActiveCfg = Debug|Any CPU
		{526A4BEA-617D-4102-AF26-2E9123AA8D85}.Debug|Any CPU.Build.0 = Debug|Any CPU
		{526A4BEA-617D-4102-AF26-2E9123AA8D85}.Release|Any CPU.ActiveCfg = Release|Any CPU
		{526A4BEA-617D-4102-AF26-2E9123AA8D85}.Release|Any CPU.Build.0 = Release|Any CPU
		{98CC4B54-2298-4A83-9DFD-E388C32DBE1B}.Debug|Any CPU.ActiveCfg = Debug|Any CPU
		{98CC4B54-2298-4A83-9DFD-E388C32DBE1B}.Debug|Any CPU.Build.0 = Debug|Any CPU
		{98CC4B54-2298-4A83-9DFD-E388C32DBE1B}.Release|Any CPU.ActiveCfg = Release|Any CPU
		{98CC4B54-2298-4A83-9DFD-E388C32DBE1B}.Release|Any CPU.Build.0 = Release|Any CPU
	EndGlobalSection
	GlobalSection(SolutionProperties) = preSolution
		HideSolutionNode = FALSE
	EndGlobalSection
	GlobalSection(ExtensibilityGlobals) = postSolution
		SolutionGuid = {45B2F510-510B-4E46-BC12-D912B2A8B844}
	EndGlobalSection
EndGlobal
